
Microsoft Visual Studio Solution File, Format Version 12.00
# Visual Studio Version 16
VisualStudioVersion = 25.0.1705.4
MinimumVisualStudioVersion = 10.0.40219.1
Project("{FAE04EC0-301F-11D3-BF4B-00C04F79EFBC}") = "ChessVersion3LibLilitAvdalyan20230511004", "ChessVersion3LibLilitAvdalyan20230511004.csproj", "{EF059A1F-3CF8-4E28-B986-62409DCAD5E5}"
EndProject
Global
	GlobalSection(SolutionConfigurationPlatforms) = preSolution
		Debug|Any CPU = Debug|Any CPU
		Release|Any CPU = Release|Any CPU
	EndGlobalSection
	GlobalSection(ProjectConfigurationPlatforms) = postSolution
		{EF059A1F-3CF8-4E28-B986-62409DCAD5E5}.Debug|Any CPU.ActiveCfg = Debug|Any CPU
		{EF059A1F-3CF8-4E28-B986-62409DCAD5E5}.Debug|Any CPU.Build.0 = Debug|Any CPU
		{EF059A1F-3CF8-4E28-B986-62409DCAD5E5}.Release|Any CPU.ActiveCfg = Release|Any CPU
		{EF059A1F-3CF8-4E28-B986-62409DCAD5E5}.Release|Any CPU.Build.0 = Release|Any CPU
	EndGlobalSection
	GlobalSection(SolutionProperties) = preSolution
		HideSolutionNode = FALSE
	EndGlobalSection
	GlobalSection(ExtensibilityGlobals) = postSolution
		SolutionGuid = {38B0274C-3E06-4B2C-8289-24B31CFD02F7}
	EndGlobalSection
EndGlobal
